
Microsoft Visual Studio Solution File, Format Version 12.00
# Visual Studio Version 16
VisualStudioVersion = 16.0.31911.196
MinimumVisualStudioVersion = 10.0.40219.1
Project("{FAE04EC0-301F-11D3-BF4B-00C04F79EFBC}") = "PithExp", "PithExp.csproj", "{754CD798-AECC-4D71-A50C-25B7CE5ED21C}"
EndProject
Global
	GlobalSection(SolutionConfigurationPlatforms) = preSolution
		Debug|Any CPU = Debug|Any CPU
		Release|Any CPU = Release|Any CPU
	EndGlobalSection
	GlobalSection(ProjectConfigurationPlatforms) = postSolution
		{754CD798-AECC-4D71-A50C-25B7CE5ED21C}.Debug|Any CPU.ActiveCfg = Debug|Any CPU
		{754CD798-AECC-4D71-A50C-25B7CE5ED21C}.Debug|Any CPU.Build.0 = Debug|Any CPU
		{754CD798-AECC-4D71-A50C-25B7CE5ED21C}.Release|Any CPU.ActiveCfg = Release|Any CPU
		{754CD798-AECC-4D71-A50C-25B7CE5ED21C}.Release|Any CPU.Build.0 = Release|Any CPU
	EndGlobalSection
	GlobalSection(SolutionProperties) = preSolution
		HideSolutionNode = FALSE
	EndGlobalSection
	GlobalSection(ExtensibilityGlobals) = postSolution
		SolutionGuid = {B3BC0F34-C6AA-4835-BA69-74FFF9152505}
	EndGlobalSection
EndGlobal
